
Microsoft Visual Studio Solution File, Format Version 12.00
# Visual Studio 15
VisualStudioVersion = 15.0.28307.168
MinimumVisualStudioVersion = 10.0.40219.1
Project("{FAE04EC0-301F-11D3-BF4B-00C04F79EFBC}") = "Kick-It-Web", "Kick-It-Web\Kick-It-Web.csproj", "{FF34D063-EEE4-4227-9508-583984C97167}"
EndProject
Project("{FAE04EC0-301F-11D3-BF4B-00C04F79EFBC}") = "Kick-It-Web.Tests", "Kick-It-Web.Tests\Kick-It-Web.Tests.csproj", "{947C9451-D77F-4AC0-9FFB-2DA242E59507}"
EndProject
Global
	GlobalSection(SolutionConfigurationPlatforms) = preSolution
		Debug|Any CPU = Debug|Any CPU
		Release|Any CPU = Release|Any CPU
	EndGlobalSection
	GlobalSection(ProjectConfigurationPlatforms) = postSolution
		{FF34D063-EEE4-4227-9508-583984C97167}.Debug|Any CPU.ActiveCfg = Debug|Any CPU
		{FF34D063-EEE4-4227-9508-583984C97167}.Debug|Any CPU.Build.0 = Debug|Any CPU
		{FF34D063-EEE4-4227-9508-583984C97167}.Release|Any CPU.ActiveCfg = Release|Any CPU
		{FF34D063-EEE4-4227-9508-583984C97167}.Release|Any CPU.Build.0 = Release|Any CPU
		{947C9451-D77F-4AC0-9FFB-2DA242E59507}.Debug|Any CPU.ActiveCfg = Debug|Any CPU
		{947C9451-D77F-4AC0-9FFB-2DA242E59507}.Debug|Any CPU.Build.0 = Debug|Any CPU
		{947C9451-D77F-4AC0-9FFB-2DA242E59507}.Release|Any CPU.ActiveCfg = Release|Any CPU
		{947C9451-D77F-4AC0-9FFB-2DA242E59507}.Release|Any CPU.Build.0 = Release|Any CPU
	EndGlobalSection
	GlobalSection(SolutionProperties) = preSolution
		HideSolutionNode = FALSE
	EndGlobalSection
	GlobalSection(ExtensibilityGlobals) = postSolution
		SolutionGuid = {A14A7B11-632E-4209-A02F-F5B307F2BBD8}
	EndGlobalSection
EndGlobal
